
Microsoft Visual Studio Solution File, Format Version 12.00
# Visual Studio Version 17
VisualStudioVersion = 17.0.31919.166
MinimumVisualStudioVersion = 10.0.40219.1
Project("{FAE04EC0-301F-11D3-BF4B-00C04F79EFBC}") = "TemplateProjectDesktop", "TemplateProjectDesktop\TemplateProjectDesktop.csproj", "{11EA7CFF-FA4C-407E-B1EF-87FA615ABE57}"
EndProject
Global
	GlobalSection(SolutionConfigurationPlatforms) = preSolution
		Debug|Any CPU = Debug|Any CPU
		Release|Any CPU = Release|Any CPU
	EndGlobalSection
	GlobalSection(ProjectConfigurationPlatforms) = postSolution
		{11EA7CFF-FA4C-407E-B1EF-87FA615ABE57}.Debug|Any CPU.ActiveCfg = Debug|Any CPU
		{11EA7CFF-FA4C-407E-B1EF-87FA615ABE57}.Debug|Any CPU.Build.0 = Debug|Any CPU
		{11EA7CFF-FA4C-407E-B1EF-87FA615ABE57}.Release|Any CPU.ActiveCfg = Release|Any CPU
		{11EA7CFF-FA4C-407E-B1EF-87FA615ABE57}.Release|Any CPU.Build.0 = Release|Any CPU
	EndGlobalSection
	GlobalSection(SolutionProperties) = preSolution
		HideSolutionNode = FALSE
	EndGlobalSection
	GlobalSection(ExtensibilityGlobals) = postSolution
		SolutionGuid = {8533B7DC-6847-486C-9728-3BA2B5BF10A0}
	EndGlobalSection
EndGlobal
